
Microsoft Visual Studio Solution File, Format Version 12.00
# Visual Studio 15
VisualStudioVersion = 15.0.27703.2026
MinimumVisualStudioVersion = 10.0.40219.1
Project("{FAE04EC0-301F-11D3-BF4B-00C04F79EFBC}") = "Vidly2", "Vidly2\Vidly2.csproj", "{93344930-1376-47B1-821B-2D9F8DAD56F2}"
EndProject
Global
	GlobalSection(SolutionConfigurationPlatforms) = preSolution
		Debug|Any CPU = Debug|Any CPU
		Release|Any CPU = Release|Any CPU
	EndGlobalSection
	GlobalSection(ProjectConfigurationPlatforms) = postSolution
		{93344930-1376-47B1-821B-2D9F8DAD56F2}.Debug|Any CPU.ActiveCfg = Debug|Any CPU
		{93344930-1376-47B1-821B-2D9F8DAD56F2}.Debug|Any CPU.Build.0 = Debug|Any CPU
		{93344930-1376-47B1-821B-2D9F8DAD56F2}.Release|Any CPU.ActiveCfg = Release|Any CPU
		{93344930-1376-47B1-821B-2D9F8DAD56F2}.Release|Any CPU.Build.0 = Release|Any CPU
	EndGlobalSection
	GlobalSection(SolutionProperties) = preSolution
		HideSolutionNode = FALSE
	EndGlobalSection
	GlobalSection(ExtensibilityGlobals) = postSolution
		SolutionGuid = {70C6C030-420A-4EB2-8943-D9ED905A8C4D}
	EndGlobalSection
EndGlobal
